
Microsoft Visual Studio Solution File, Format Version 12.00
# Visual Studio Version 17
VisualStudioVersion = 17.7.34031.279
MinimumVisualStudioVersion = 10.0.40219.1
Project("{FAE04EC0-301F-11D3-BF4B-00C04F79EFBC}") = "brod-caster", "brod-caster.csproj", "{1D424E6D-C936-456C-8A4F-A8BFFC72BCD7}"
EndProject
Global
	GlobalSection(SolutionConfigurationPlatforms) = preSolution
		Debug|Any CPU = Debug|Any CPU
		Release|Any CPU = Release|Any CPU
	EndGlobalSection
	GlobalSection(ProjectConfigurationPlatforms) = postSolution
		{1D424E6D-C936-456C-8A4F-A8BFFC72BCD7}.Debug|Any CPU.ActiveCfg = Debug|Any CPU
		{1D424E6D-C936-456C-8A4F-A8BFFC72BCD7}.Debug|Any CPU.Build.0 = Debug|Any CPU
		{1D424E6D-C936-456C-8A4F-A8BFFC72BCD7}.Release|Any CPU.ActiveCfg = Release|Any CPU
		{1D424E6D-C936-456C-8A4F-A8BFFC72BCD7}.Release|Any CPU.Build.0 = Release|Any CPU
	EndGlobalSection
	GlobalSection(SolutionProperties) = preSolution
		HideSolutionNode = FALSE
	EndGlobalSection
	GlobalSection(ExtensibilityGlobals) = postSolution
		SolutionGuid = {5DBAC118-4DB6-4EFD-BC65-C93366B195B7}
	EndGlobalSection
EndGlobal
